
Microsoft Visual Studio Solution File, Format Version 12.00
# Visual Studio 15
VisualStudioVersion = 15.0.28307.572
MinimumVisualStudioVersion = 10.0.40219.1
Project("{FAE04EC0-301F-11D3-BF4B-00C04F79EFBC}") = "M19G1", "M19G1\M19G1.csproj", "{E4509A4F-8F22-420B-BAD4-41E211921A92}"
EndProject
Project("{FAE04EC0-301F-11D3-BF4B-00C04F79EFBC}") = "M19G1.Tests", "M19G1.Tests\M19G1.Tests.csproj", "{DF6E86FB-25BA-4936-B43E-7D4E09434680}"
EndProject
Project("{FAE04EC0-301F-11D3-BF4B-00C04F79EFBC}") = "M19G1.DAL", "M19G1.DAL\M19G1.DAL.csproj", "{4CA3E9FF-FB94-4442-9717-26DD543D2A25}"
EndProject
Project("{FAE04EC0-301F-11D3-BF4B-00C04F79EFBC}") = "M19G1.BLL", "M19G1.BLL\M19G1.BLL.csproj", "{06B209D0-ABDA-4108-947C-6848C041BC60}"
EndProject
Project("{FAE04EC0-301F-11D3-BF4B-00C04F79EFBC}") = "M19G1.IBLL", "M19G1.IBLL\M19G1.IBLL.csproj", "{D20D8A9F-533F-401D-B2F9-E2CFCAB0A6F1}"
EndProject
Project("{FAE04EC0-301F-11D3-BF4B-00C04F79EFBC}") = "M19G1.Models", "M19G1.Models\M19G1.Models.csproj", "{A37933F1-4D30-43B9-8B5F-B084FDCA2907}"
EndProject
Project("{FAE04EC0-301F-11D3-BF4B-00C04F79EFBC}") = "M19G1.Common", "M19G1.Common\M19G1.Common.csproj", "{6FDD8EAC-0B34-4F44-92CB-3D505B404657}"
EndProject
Project("{FAE04EC0-301F-11D3-BF4B-00C04F79EFBC}") = "M19G1.DALDummy", "M19G1.DALDummy\M19G1.DALDummy.csproj", "{19044983-1C70-4CDB-8D30-2D23FEB03DA7}"
EndProject
Global
	GlobalSection(SolutionConfigurationPlatforms) = preSolution
		Debug|Any CPU = Debug|Any CPU
		Release|Any CPU = Release|Any CPU
	EndGlobalSection
	GlobalSection(ProjectConfigurationPlatforms) = postSolution
		{E4509A4F-8F22-420B-BAD4-41E211921A92}.Debug|Any CPU.ActiveCfg = Debug|Any CPU
		{E4509A4F-8F22-420B-BAD4-41E211921A92}.Debug|Any CPU.Build.0 = Debug|Any CPU
		{E4509A4F-8F22-420B-BAD4-41E211921A92}.Release|Any CPU.ActiveCfg = Release|Any CPU
		{E4509A4F-8F22-420B-BAD4-41E211921A92}.Release|Any CPU.Build.0 = Release|Any CPU
		{DF6E86FB-25BA-4936-B43E-7D4E09434680}.Debug|Any CPU.ActiveCfg = Debug|Any CPU
		{DF6E86FB-25BA-4936-B43E-7D4E09434680}.Debug|Any CPU.Build.0 = Debug|Any CPU
		{DF6E86FB-25BA-4936-B43E-7D4E09434680}.Release|Any CPU.ActiveCfg = Release|Any CPU
		{DF6E86FB-25BA-4936-B43E-7D4E09434680}.Release|Any CPU.Build.0 = Release|Any CPU
		{4CA3E9FF-FB94-4442-9717-26DD543D2A25}.Debug|Any CPU.ActiveCfg = Debug|Any CPU
		{4CA3E9FF-FB94-4442-9717-26DD543D2A25}.Debug|Any CPU.Build.0 = Debug|Any CPU
		{4CA3E9FF-FB94-4442-9717-26DD543D2A25}.Release|Any CPU.ActiveCfg = Release|Any CPU
		{4CA3E9FF-FB94-4442-9717-26DD543D2A25}.Release|Any CPU.Build.0 = Release|Any CPU
		{06B209D0-ABDA-4108-947C-6848C041BC60}.Debug|Any CPU.ActiveCfg = Debug|Any CPU
		{06B209D0-ABDA-4108-947C-6848C041BC60}.Debug|Any CPU.Build.0 = Debug|Any CPU
		{06B209D0-ABDA-4108-947C-6848C041BC60}.Release|Any CPU.ActiveCfg = Release|Any CPU
		{06B209D0-ABDA-4108-947C-6848C041BC60}.Release|Any CPU.Build.0 = Release|Any CPU
		{D20D8A9F-533F-401D-B2F9-E2CFCAB0A6F1}.Debug|Any CPU.ActiveCfg = Debug|Any CPU
		{D20D8A9F-533F-401D-B2F9-E2CFCAB0A6F1}.Debug|Any CPU.Build.0 = Debug|Any CPU
		{D20D8A9F-533F-401D-B2F9-E2CFCAB0A6F1}.Release|Any CPU.ActiveCfg = Release|Any CPU
		{D20D8A9F-533F-401D-B2F9-E2CFCAB0A6F1}.Release|Any CPU.Build.0 = Release|Any CPU
		{A37933F1-4D30-43B9-8B5F-B084FDCA2907}.Debug|Any CPU.ActiveCfg = Debug|Any CPU
		{A37933F1-4D30-43B9-8B5F-B084FDCA2907}.Debug|Any CPU.Build.0 = Debug|Any CPU
		{A37933F1-4D30-43B9-8B5F-B084FDCA2907}.Release|Any CPU.ActiveCfg = Release|Any CPU
		{A37933F1-4D30-43B9-8B5F-B084FDCA2907}.Release|Any CPU.Build.0 = Release|Any CPU
		{6FDD8EAC-0B34-4F44-92CB-3D505B404657}.Debug|Any CPU.ActiveCfg = Debug|Any CPU
		{6FDD8EAC-0B34-4F44-92CB-3D505B404657}.Debug|Any CPU.Build.0 = Debug|Any CPU
		{6FDD8EAC-0B34-4F44-92CB-3D505B404657}.Release|Any CPU.ActiveCfg = Release|Any CPU
		{6FDD8EAC-0B34-4F44-92CB-3D505B404657}.Release|Any CPU.Build.0 = Release|Any CPU
		{19044983-1C70-4CDB-8D30-2D23FEB03DA7}.Debug|Any CPU.ActiveCfg = Debug|Any CPU
		{19044983-1C70-4CDB-8D30-2D23FEB03DA7}.Debug|Any CPU.Build.0 = Debug|Any CPU
		{19044983-1C70-4CDB-8D30-2D23FEB03DA7}.Release|Any CPU.ActiveCfg = Release|Any CPU
		{19044983-1C70-4CDB-8D30-2D23FEB03DA7}.Release|Any CPU.Build.0 = Release|Any CPU
	EndGlobalSection
	GlobalSection(SolutionProperties) = preSolution
		HideSolutionNode = FALSE
	EndGlobalSection
	GlobalSection(ExtensibilityGlobals) = postSolution
		SolutionGuid = {C96C2035-FF8C-4BB5-BFC6-4DCC6068FF10}
	EndGlobalSection
EndGlobal
